
Microsoft Visual Studio Solution File, Format Version 11.00
# Visual Studio 2010
Project("{FAE04EC0-301F-11D3-BF4B-00C04F79EFBC}") = "MSTest-tests-example", "MSTest-tests-example\MSTest-tests-example.csproj", "{883463B3-CF34-49FF-9E88-7C58D56EC570}"
EndProject
Project("{2150E333-8FDC-42A3-9474-1A3956D46DE8}") = "Solution Items", "Solution Items", "{B3442361-B90E-446E-AE52-A5A6045D982C}"
	ProjectSection(SolutionItems) = preProject
		Local.testsettings = Local.testsettings
		MSTest-tests-example.vsmdi = MSTest-tests-example.vsmdi
		TraceAndTestImpact.testsettings = TraceAndTestImpact.testsettings
	EndProjectSection
EndProject
Project("{FAE04EC0-301F-11D3-BF4B-00C04F79EFBC}") = "ProyectoPrueba", "ProyectoPrueba\ProyectoPrueba.csproj", "{DEC2F286-4164-43EB-922D-37237F1E101C}"
EndProject
Global
	GlobalSection(TestCaseManagementSettings) = postSolution
		CategoryFile = MSTest-tests-example.vsmdi
	EndGlobalSection
	GlobalSection(SolutionConfigurationPlatforms) = preSolution
		Debug|Any CPU = Debug|Any CPU
		Release|Any CPU = Release|Any CPU
	EndGlobalSection
	GlobalSection(ProjectConfigurationPlatforms) = postSolution
		{883463B3-CF34-49FF-9E88-7C58D56EC570}.Debug|Any CPU.ActiveCfg = Debug|Any CPU
		{883463B3-CF34-49FF-9E88-7C58D56EC570}.Debug|Any CPU.Build.0 = Debug|Any CPU
		{883463B3-CF34-49FF-9E88-7C58D56EC570}.Release|Any CPU.ActiveCfg = Release|Any CPU
		{883463B3-CF34-49FF-9E88-7C58D56EC570}.Release|Any CPU.Build.0 = Release|Any CPU
		{DEC2F286-4164-43EB-922D-37237F1E101C}.Debug|Any CPU.ActiveCfg = Debug|Any CPU
		{DEC2F286-4164-43EB-922D-37237F1E101C}.Debug|Any CPU.Build.0 = Debug|Any CPU
		{DEC2F286-4164-43EB-922D-37237F1E101C}.Release|Any CPU.ActiveCfg = Release|Any CPU
		{DEC2F286-4164-43EB-922D-37237F1E101C}.Release|Any CPU.Build.0 = Release|Any CPU
	EndGlobalSection
	GlobalSection(SolutionProperties) = preSolution
		HideSolutionNode = FALSE
	EndGlobalSection
EndGlobal
